
Microsoft Visual Studio Solution File, Format Version 12.00
# Visual Studio 15
VisualStudioVersion = 15.0.27703.2000
MinimumVisualStudioVersion = 10.0.40219.1
Project("{FAE04EC0-301F-11D3-BF4B-00C04F79EFBC}") = "Trigger", "Trigger\Trigger.csproj", "{EEFA040D-D8B4-41A8-B715-5B31450E8301}"
EndProject
Global
	GlobalSection(SolutionConfigurationPlatforms) = preSolution
		Debug|Any CPU = Debug|Any CPU
		Release|Any CPU = Release|Any CPU
	EndGlobalSection
	GlobalSection(ProjectConfigurationPlatforms) = postSolution
		{EEFA040D-D8B4-41A8-B715-5B31450E8301}.Debug|Any CPU.ActiveCfg = Debug|Any CPU
		{EEFA040D-D8B4-41A8-B715-5B31450E8301}.Debug|Any CPU.Build.0 = Debug|Any CPU
		{EEFA040D-D8B4-41A8-B715-5B31450E8301}.Release|Any CPU.ActiveCfg = Release|Any CPU
		{EEFA040D-D8B4-41A8-B715-5B31450E8301}.Release|Any CPU.Build.0 = Release|Any CPU
	EndGlobalSection
	GlobalSection(SolutionProperties) = preSolution
		HideSolutionNode = FALSE
	EndGlobalSection
	GlobalSection(ExtensibilityGlobals) = postSolution
		SolutionGuid = {0E049F93-7862-4613-AF93-A2C0BEFD1CD7}
	EndGlobalSection
EndGlobal
